
Microsoft Visual Studio Solution File, Format Version 12.00
# Visual Studio Version 17
VisualStudioVersion = 17.4.33122.133
MinimumVisualStudioVersion = 10.0.40219.1
Project("{FAE04EC0-301F-11D3-BF4B-00C04F79EFBC}") = "API-Multimedios2023", "API-Multimedios2023\API-Multimedios2023.csproj", "{134D0E76-560D-41E5-A23A-ECDCD8BAE950}"
EndProject
Global
	GlobalSection(SolutionConfigurationPlatforms) = preSolution
		Debug|Any CPU = Debug|Any CPU
		Release|Any CPU = Release|Any CPU
	EndGlobalSection
	GlobalSection(ProjectConfigurationPlatforms) = postSolution
		{134D0E76-560D-41E5-A23A-ECDCD8BAE950}.Debug|Any CPU.ActiveCfg = Debug|Any CPU
		{134D0E76-560D-41E5-A23A-ECDCD8BAE950}.Debug|Any CPU.Build.0 = Debug|Any CPU
		{134D0E76-560D-41E5-A23A-ECDCD8BAE950}.Release|Any CPU.ActiveCfg = Release|Any CPU
		{134D0E76-560D-41E5-A23A-ECDCD8BAE950}.Release|Any CPU.Build.0 = Release|Any CPU
	EndGlobalSection
	GlobalSection(SolutionProperties) = preSolution
		HideSolutionNode = FALSE
	EndGlobalSection
	GlobalSection(ExtensibilityGlobals) = postSolution
		SolutionGuid = {21B691E7-A19D-4D77-83A3-2963FB17D028}
	EndGlobalSection
EndGlobal
